
Microsoft Visual Studio Solution File, Format Version 12.00
# Visual Studio Version 16
VisualStudioVersion = 16.0.29806.167
MinimumVisualStudioVersion = 10.0.40219.1
Project("{FAE04EC0-301F-11D3-BF4B-00C04F79EFBC}") = "nrfutilDfuAppGen", "nrfutilDfuAppGen.csproj", "{B0FF3109-5974-409A-B897-0A4A91DDA314}"
EndProject
Global
	GlobalSection(SolutionConfigurationPlatforms) = preSolution
		Debug|Any CPU = Debug|Any CPU
		Release|Any CPU = Release|Any CPU
	EndGlobalSection
	GlobalSection(ProjectConfigurationPlatforms) = postSolution
		{B0FF3109-5974-409A-B897-0A4A91DDA314}.Debug|Any CPU.ActiveCfg = Debug|Any CPU
		{B0FF3109-5974-409A-B897-0A4A91DDA314}.Debug|Any CPU.Build.0 = Debug|Any CPU
		{B0FF3109-5974-409A-B897-0A4A91DDA314}.Release|Any CPU.ActiveCfg = Release|Any CPU
		{B0FF3109-5974-409A-B897-0A4A91DDA314}.Release|Any CPU.Build.0 = Release|Any CPU
	EndGlobalSection
	GlobalSection(SolutionProperties) = preSolution
		HideSolutionNode = FALSE
	EndGlobalSection
	GlobalSection(ExtensibilityGlobals) = postSolution
		SolutionGuid = {DFB7AA76-C681-4B90-9EB2-0EFB0FA18C51}
	EndGlobalSection
EndGlobal
